
Microsoft Visual Studio Solution File, Format Version 12.00
# Visual Studio Version 16
VisualStudioVersion = 16.0.28922.388
MinimumVisualStudioVersion = 10.0.40219.1
Project("{FAE04EC0-301F-11D3-BF4B-00C04F79EFBC}") = "SampleWebApp", "SampleWebApp\SampleWebApp.csproj", "{1102EF15-2AC3-48DC-9A4A-07291BB3CE6A}"
EndProject
Global
	GlobalSection(SolutionConfigurationPlatforms) = preSolution
		Debug|Any CPU = Debug|Any CPU
		Release|Any CPU = Release|Any CPU
	EndGlobalSection
	GlobalSection(ProjectConfigurationPlatforms) = postSolution
		{1102EF15-2AC3-48DC-9A4A-07291BB3CE6A}.Debug|Any CPU.ActiveCfg = Debug|Any CPU
		{1102EF15-2AC3-48DC-9A4A-07291BB3CE6A}.Debug|Any CPU.Build.0 = Debug|Any CPU
		{1102EF15-2AC3-48DC-9A4A-07291BB3CE6A}.Release|Any CPU.ActiveCfg = Release|Any CPU
		{1102EF15-2AC3-48DC-9A4A-07291BB3CE6A}.Release|Any CPU.Build.0 = Release|Any CPU
	EndGlobalSection
	GlobalSection(SolutionProperties) = preSolution
		HideSolutionNode = FALSE
	EndGlobalSection
	GlobalSection(ExtensibilityGlobals) = postSolution
		SolutionGuid = {BD0E0BDF-B5BB-493F-850F-6AA1A8A0B2D7}
	EndGlobalSection
EndGlobal
